
Microsoft Visual Studio Solution File, Format Version 12.00
# Visual Studio Version 16
VisualStudioVersion = 16.0.31205.134
MinimumVisualStudioVersion = 10.0.40219.1
Project("{FAE04EC0-301F-11D3-BF4B-00C04F79EFBC}") = "dung", "dung\dung.csproj", "{9F565115-4001-4E5F-BDA8-C1DB5F6AB3D4}"
EndProject
Global
	GlobalSection(SolutionConfigurationPlatforms) = preSolution
		Debug|Any CPU = Debug|Any CPU
		Release|Any CPU = Release|Any CPU
	EndGlobalSection
	GlobalSection(ProjectConfigurationPlatforms) = postSolution
		{9F565115-4001-4E5F-BDA8-C1DB5F6AB3D4}.Debug|Any CPU.ActiveCfg = Debug|Any CPU
		{9F565115-4001-4E5F-BDA8-C1DB5F6AB3D4}.Debug|Any CPU.Build.0 = Debug|Any CPU
		{9F565115-4001-4E5F-BDA8-C1DB5F6AB3D4}.Release|Any CPU.ActiveCfg = Release|Any CPU
		{9F565115-4001-4E5F-BDA8-C1DB5F6AB3D4}.Release|Any CPU.Build.0 = Release|Any CPU
	EndGlobalSection
	GlobalSection(SolutionProperties) = preSolution
		HideSolutionNode = FALSE
	EndGlobalSection
	GlobalSection(ExtensibilityGlobals) = postSolution
		SolutionGuid = {700614D4-413C-4B11-91F0-CE735B518784}
	EndGlobalSection
EndGlobal
